schema: '2.0'
stages:
  raw_dataset_creation:
    cmd: python src/data/load_data.py --config=params.yaml
    deps:
    - path: data/external/train.csv
      md5: 8929517566f004183dff480fdd48afe0
      size: 391872
    - path: src/data/load_data.py
      md5: 8f41ac05efd673287f4f450738ba0ca7
      size: 1399
    outs:
    - path: data/raw/train.csv
      md5: 9b61c38a459d36244dbf8e6940236371
      size: 116146
  split_data:
    cmd: python src/data/split_data.py --config=params.yaml
    deps:
    - path: data/raw/train.csv
      md5: 9b61c38a459d36244dbf8e6940236371
      size: 116146
    - path: src/data/split_data.py
      md5: df8e2d71adc7db6469805eb846bc49da
      size: 1361
    outs:
    - path: data/processed/churn_test.csv
      md5: c3a4965f71511e72d4af9ac650f47505
      size: 23358
    - path: data/processed/churn_train.csv
      md5: 8358e3ab11f8301c58d3b0e5aa99a6fd
      size: 92916
  model_train:
    cmd: python src/models/train_model.py --config=params.yaml
    deps:
    - path: data/processed/churn_test.csv
      md5: c3a4965f71511e72d4af9ac650f47505
      size: 23358
    - path: data/processed/churn_train.csv
      md5: 8358e3ab11f8301c58d3b0e5aa99a6fd
      size: 92916
    - path: src/models/train_model.py
      md5: 7cbe0ac32d8b5f57aeb19407050db00a
      size: 3882
    params:
      params.yaml:
        random_forest.max_depth: 10
        random_forest.n_estimators: 30
  log_production_model:
    cmd: python src/models/production_model_selection.py --config=params.yaml
    deps:
    - path: src/models/production_model_selection.py
      md5: 39e819b12b13a9e90a1e420bf87c6678
      size: 1620
    params:
      params.yaml:
        random_forest.max_depth: 10
        random_forest.n_estimators: 30
    outs:
    - path: models/model.joblib
      md5: 569dc17dff4ffc08d309996f3ce6150f
      size: 634296
